
Microsoft Visual Studio Solution File, Format Version 12.00
# Visual Studio Version 16
VisualStudioVersion = 16.0.30523.141
MinimumVisualStudioVersion = 10.0.40219.1
Project("{FAE04EC0-301F-11D3-BF4B-00C04F79EFBC}") = "VoiceStreamServer", "VoiceStreamServer\VoiceStreamServer.csproj", "{AAD7E0A5-42A9-4DBD-97F6-8535C26DC27A}"
EndProject
Global
	GlobalSection(SolutionConfigurationPlatforms) = preSolution
		Debug|Any CPU = Debug|Any CPU
		Release|Any CPU = Release|Any CPU
	EndGlobalSection
	GlobalSection(ProjectConfigurationPlatforms) = postSolution
		{AAD7E0A5-42A9-4DBD-97F6-8535C26DC27A}.Debug|Any CPU.ActiveCfg = Debug|Any CPU
		{AAD7E0A5-42A9-4DBD-97F6-8535C26DC27A}.Debug|Any CPU.Build.0 = Debug|Any CPU
		{AAD7E0A5-42A9-4DBD-97F6-8535C26DC27A}.Release|Any CPU.ActiveCfg = Release|Any CPU
		{AAD7E0A5-42A9-4DBD-97F6-8535C26DC27A}.Release|Any CPU.Build.0 = Release|Any CPU
	EndGlobalSection
	GlobalSection(SolutionProperties) = preSolution
		HideSolutionNode = FALSE
	EndGlobalSection
	GlobalSection(ExtensibilityGlobals) = postSolution
		SolutionGuid = {DE52FD41-7672-418E-9404-B54DCE734746}
	EndGlobalSection
EndGlobal
